
Microsoft Visual Studio Solution File, Format Version 12.00
# Visual Studio Version 17
VisualStudioVersion = 17.9.34321.82
MinimumVisualStudioVersion = 10.0.40219.1
Project("{9A19103F-16F7-4668-BE54-9A1E7A4F7556}") = "Labs", "Labs\Labs.csproj", "{79E541B6-1061-42B6-B61E-AF4BC027C8B5}"
EndProject
Project("{9A19103F-16F7-4668-BE54-9A1E7A4F7556}") = "App", "App\App.csproj", "{1198852A-A1D6-4ECC-95FC-D9B1E53F112A}"
EndProject
Global
	GlobalSection(SolutionConfigurationPlatforms) = preSolution
		Debug|Any CPU = Debug|Any CPU
		Release|Any CPU = Release|Any CPU
	EndGlobalSection
	GlobalSection(ProjectConfigurationPlatforms) = postSolution
		{79E541B6-1061-42B6-B61E-AF4BC027C8B5}.Debug|Any CPU.ActiveCfg = Debug|Any CPU
		{79E541B6-1061-42B6-B61E-AF4BC027C8B5}.Debug|Any CPU.Build.0 = Debug|Any CPU
		{79E541B6-1061-42B6-B61E-AF4BC027C8B5}.Release|Any CPU.ActiveCfg = Release|Any CPU
		{79E541B6-1061-42B6-B61E-AF4BC027C8B5}.Release|Any CPU.Build.0 = Release|Any CPU
		{1198852A-A1D6-4ECC-95FC-D9B1E53F112A}.Debug|Any CPU.ActiveCfg = Debug|Any CPU
		{1198852A-A1D6-4ECC-95FC-D9B1E53F112A}.Debug|Any CPU.Build.0 = Debug|Any CPU
		{1198852A-A1D6-4ECC-95FC-D9B1E53F112A}.Release|Any CPU.ActiveCfg = Release|Any CPU
		{1198852A-A1D6-4ECC-95FC-D9B1E53F112A}.Release|Any CPU.Build.0 = Release|Any CPU
	EndGlobalSection
	GlobalSection(SolutionProperties) = preSolution
		HideSolutionNode = FALSE
	EndGlobalSection
	GlobalSection(ExtensibilityGlobals) = postSolution
		SolutionGuid = {B4251940-466E-43FD-A282-68A05B4FAA09}
	EndGlobalSection
EndGlobal
