
Microsoft Visual Studio Solution File, Format Version 12.00
# Visual Studio Version 17
VisualStudioVersion = 17.9.34321.82
MinimumVisualStudioVersion = 10.0.40219.1
Project("{9A19103F-16F7-4668-BE54-9A1E7A4F7556}") = "IdentityServer", "IdentityServer\IdentityServer.csproj", "{4E0E537A-532A-41AD-B53C-4B368A33D67F}"
EndProject
Project("{9A19103F-16F7-4668-BE54-9A1E7A4F7556}") = "Labs", "Labs\Labs.csproj", "{FF03C4DA-6CD9-4922-9882-18AB4AFE19D2}"
EndProject
Project("{FAE04EC0-301F-11D3-BF4B-00C04F79EFBC}") = "App", "App\App.csproj", "{6F1407AC-5659-4709-A5E3-D71596E00A85}"
EndProject
Global
	GlobalSection(SolutionConfigurationPlatforms) = preSolution
		Debug|Any CPU = Debug|Any CPU
		Release|Any CPU = Release|Any CPU
	EndGlobalSection
	GlobalSection(ProjectConfigurationPlatforms) = postSolution
		{4E0E537A-532A-41AD-B53C-4B368A33D67F}.Debug|Any CPU.ActiveCfg = Debug|Any CPU
		{4E0E537A-532A-41AD-B53C-4B368A33D67F}.Debug|Any CPU.Build.0 = Debug|Any CPU
		{4E0E537A-532A-41AD-B53C-4B368A33D67F}.Release|Any CPU.ActiveCfg = Release|Any CPU
		{4E0E537A-532A-41AD-B53C-4B368A33D67F}.Release|Any CPU.Build.0 = Release|Any CPU
		{FF03C4DA-6CD9-4922-9882-18AB4AFE19D2}.Debug|Any CPU.ActiveCfg = Debug|Any CPU
		{FF03C4DA-6CD9-4922-9882-18AB4AFE19D2}.Debug|Any CPU.Build.0 = Debug|Any CPU
		{FF03C4DA-6CD9-4922-9882-18AB4AFE19D2}.Release|Any CPU.ActiveCfg = Release|Any CPU
		{FF03C4DA-6CD9-4922-9882-18AB4AFE19D2}.Release|Any CPU.Build.0 = Release|Any CPU
		{6F1407AC-5659-4709-A5E3-D71596E00A85}.Debug|Any CPU.ActiveCfg = Debug|Any CPU
		{6F1407AC-5659-4709-A5E3-D71596E00A85}.Debug|Any CPU.Build.0 = Debug|Any CPU
		{6F1407AC-5659-4709-A5E3-D71596E00A85}.Release|Any CPU.ActiveCfg = Release|Any CPU
		{6F1407AC-5659-4709-A5E3-D71596E00A85}.Release|Any CPU.Build.0 = Release|Any CPU
	EndGlobalSection
	GlobalSection(SolutionProperties) = preSolution
		HideSolutionNode = FALSE
	EndGlobalSection
	GlobalSection(ExtensibilityGlobals) = postSolution
		SolutionGuid = {79C17B17-1C69-4D07-99F8-3275F23FAF19}
	EndGlobalSection
EndGlobal
